
Microsoft Visual Studio Solution File, Format Version 12.00
# Visual Studio Version 17
VisualStudioVersion = 17.11.35327.3
MinimumVisualStudioVersion = 10.0.40219.1
Project("{FAE04EC0-301F-11D3-BF4B-00C04F79EFBC}") = "Practica7-1", "Practica7-1\Practica7-1.csproj", "{6E49B81D-B786-43B0-8C09-DD3AF700CB5A}"
EndProject
Global
	GlobalSection(SolutionConfigurationPlatforms) = preSolution
		Debug|Any CPU = Debug|Any CPU
		Release|Any CPU = Release|Any CPU
	EndGlobalSection
	GlobalSection(ProjectConfigurationPlatforms) = postSolution
		{6E49B81D-B786-43B0-8C09-DD3AF700CB5A}.Debug|Any CPU.ActiveCfg = Debug|Any CPU
		{6E49B81D-B786-43B0-8C09-DD3AF700CB5A}.Debug|Any CPU.Build.0 = Debug|Any CPU
		{6E49B81D-B786-43B0-8C09-DD3AF700CB5A}.Release|Any CPU.ActiveCfg = Release|Any CPU
		{6E49B81D-B786-43B0-8C09-DD3AF700CB5A}.Release|Any CPU.Build.0 = Release|Any CPU
	EndGlobalSection
	GlobalSection(SolutionProperties) = preSolution
		HideSolutionNode = FALSE
	EndGlobalSection
	GlobalSection(ExtensibilityGlobals) = postSolution
		SolutionGuid = {3EB79778-8757-4CF1-B4A2-9D43F305046E}
	EndGlobalSection
EndGlobal
